// !$*UTF8*$!
{
	archiveVersion = 1;
	classes = {
	};
	objectVersion = 50;
	objects = {

/* Begin PBXBuildFile section */
		FA27A84325C1A79100A9C687 /* CurrentDayForecastViewController.swift in Sources */ = {isa = PBXBuildFile; fileRef = FA27A84225C1A79100A9C687 /* CurrentDayForecastViewController.swift */; };
		FA27A84825C1A82700A9C687 /* Next5DaysForecastViewController.swift in Sources */ = {isa = PBXBuildFile; fileRef = FA27A84725C1A82700A9C687 /* Next5DaysForecastViewController.swift */; };
		FA27A84B25C1B6A200A9C687 /* TabBarController.swift in Sources */ = {isa = PBXBuildFile; fileRef = FA27A84A25C1B6A200A9C687 /* TabBarController.swift */; };
		FA27A84F25C1C41500A9C687 /* NavigationBarController.swift in Sources */ = {isa = PBXBuildFile; fileRef = FA27A84E25C1C41500A9C687 /* NavigationBarController.swift */; };
		FA96BCBA25C05C0400155DBB /* AppDelegate.swift in Sources */ = {isa = PBXBuildFile; fileRef = FA96BCB925C05C0400155DBB /* AppDelegate.swift */; };
		FA96BCBC25C05C0400155DBB /* SceneDelegate.swift in Sources */ = {isa = PBXBuildFile; fileRef = FA96BCBB25C05C0400155DBB /* SceneDelegate.swift */; };
		FA96BCC125C05C0400155DBB /* Main.storyboard in Resources */ = {isa = PBXBuildFile; fileRef = FA96BCBF25C05C0400155DBB /* Main.storyboard */; };
		FA96BCC425C05C0400155DBB /* Weather_App.xcdatamodeld in Sources */ = {isa = PBXBuildFile; fileRef = FA96BCC225C05C0400155DBB /* Weather_App.xcdatamodeld */; };
		FA96BCC625C05C0600155DBB /* Assets.xcassets in Resources */ = {isa = PBXBuildFile; fileRef = FA96BCC525C05C0600155DBB /* Assets.xcassets */; };
		FA96BCC925C05C0600155DBB /* LaunchScreen.storyboard in Resources */ = {isa = PBXBuildFile; fileRef = FA96BCC725C05C0600155DBB /* LaunchScreen.storyboard */; };
/* End PBXBuildFile section */

/* Begin PBXFileReference section */
		FA27A84225C1A79100A9C687 /* CurrentDayForecastViewController.swift */ = {isa = PBXFileReference; lastKnownFileType = sourcecode.swift; path = CurrentDayForecastViewController.swift; sourceTree = "<group>"; };
		FA27A84725C1A82700A9C687 /* Next5DaysForecastViewController.swift */ = {isa = PBXFileReference; lastKnownFileType = sourcecode.swift; path = Next5DaysForecastViewController.swift; sourceTree = "<group>"; };
		FA27A84A25C1B6A200A9C687 /* TabBarController.swift */ = {isa = PBXFileReference; lastKnownFileType = sourcecode.swift; path = TabBarController.swift; sourceTree = "<group>"; };
		FA27A84E25C1C41500A9C687 /* NavigationBarController.swift */ = {isa = PBXFileReference; lastKnownFileType = sourcecode.swift; path = NavigationBarController.swift; sourceTree = "<group>"; };
		FA96BCB625C05C0400155DBB /* Weather App.app */ = {isa = PBXFileReference; explicitFileType = wrapper.application; includeInIndex = 0; path = "Weather App.app"; sourceTree = BUILT_PRODUCTS_DIR; };
		FA96BCB925C05C0400155DBB /* AppDelegate.swift */ = {isa = PBXFileReference; lastKnownFileType = sourcecode.swift; path = AppDelegate.swift; sourceTree = "<group>"; };
		FA96BCBB25C05C0400155DBB /* SceneDelegate.swift */ = {isa = PBXFileReference; lastKnownFileType = sourcecode.swift; path = SceneDelegate.swift; sourceTree = "<group>"; };
		FA96BCC025C05C0400155DBB /* Base */ = {isa = PBXFileReference; lastKnownFileType = file.storyboard; name = Base; path = Base.lproj/Main.storyboard; sourceTree = "<group>"; };
		FA96BCC325C05C0400155DBB /* Weather_App.xcdatamodel */ = {isa = PBXFileReference; lastKnownFileType = wrapper.xcdatamodel; path = Weather_App.xcdatamodel; sourceTree = "<group>"; };
		FA96BCC525C05C0600155DBB /* Assets.xcassets */ = {isa = PBXFileReference; lastKnownFileType = folder.assetcatalog; path = Assets.xcassets; sourceTree = "<group>"; };
		FA96BCC825C05C0600155DBB /* Base */ = {isa = PBXFileReference; lastKnownFileType = file.storyboard; name = Base; path = Base.lproj/LaunchScreen.storyboard; sourceTree = "<group>"; };
		FA96BCCA25C05C0600155DBB /* Info.plist */ = {isa = PBXFileReference; lastKnownFileType = text.plist.xml; path = Info.plist; sourceTree = "<group>"; };
/* End PBXFileReference section */

/* Begin PBXFrameworksBuildPhase section */
		FA96BCB325C05C0400155DBB /* Frameworks */ = {
			isa = PBXFrameworksBuildPhase;
			buildActionMask = 2147483647;
			files = (
			);
			runOnlyForDeploymentPostprocessing = 0;
		};
/* End PBXFrameworksBuildPhase section */

/* Begin PBXGroup section */
		FA27A84125C1A67400A9C687 /* View Controllers */ = {
			isa = PBXGroup;
			children = (
				FA27A84225C1A79100A9C687 /* CurrentDayForecastViewController.swift */,
				FA27A84725C1A82700A9C687 /* Next5DaysForecastViewController.swift */,
				FA27A84A25C1B6A200A9C687 /* TabBarController.swift */,
				FA27A84E25C1C41500A9C687 /* NavigationBarController.swift */,
			);
			path = "View Controllers";
			sourceTree = "<group>";
		};
		FA96BCAD25C05C0300155DBB = {
			isa = PBXGroup;
			children = (
				FA96BCB825C05C0400155DBB /* Weather App */,
				FA96BCB725C05C0400155DBB /* Products */,
			);
			sourceTree = "<group>";
		};
		FA96BCB725C05C0400155DBB /* Products */ = {
			isa = PBXGroup;
			children = (
				FA96BCB625C05C0400155DBB /* Weather App.app */,
			);
			name = Products;
			sourceTree = "<group>";
		};
		FA96BCB825C05C0400155DBB /* Weather App */ = {
			isa = PBXGroup;
			children = (
				FA27A84125C1A67400A9C687 /* View Controllers */,
				FA96BCB925C05C0400155DBB /* AppDelegate.swift */,
				FA96BCBB25C05C0400155DBB /* SceneDelegate.swift */,
				FA96BCBF25C05C0400155DBB /* Main.storyboard */,
				FA96BCC525C05C0600155DBB /* Assets.xcassets */,
				FA96BCC725C05C0600155DBB /* LaunchScreen.storyboard */,
				FA96BCCA25C05C0600155DBB /* Info.plist */,
				FA96BCC225C05C0400155DBB /* Weather_App.xcdatamodeld */,
			);
			path = "Weather App";
			sourceTree = "<group>";
		};
/* End PBXGroup section */

/* Begin PBXNativeTarget section */
		FA96BCB525C05C0400155DBB /* Weather App */ = {
			isa = PBXNativeTarget;
			buildConfigurationList = FA96BCCD25C05C0600155DBB /* Build configuration list for PBXNativeTarget "Weather App" */;
			buildPhases = (
				FA96BCB225C05C0400155DBB /* Sources */,
				FA96BCB325C05C0400155DBB /* Frameworks */,
				FA96BCB425C05C0400155DBB /* Resources */,
			);
			buildRules = (
			);
			dependencies = (
			);
			name = "Weather App";
			productName = "Weather App";
			productReference = FA96BCB625C05C0400155DBB /* Weather App.app */;
			productType = "com.apple.product-type.application";
		};
/* End PBXNativeTarget section */

/* Begin PBXProject section */
		FA96BCAE25C05C0300155DBB /* Project object */ = {
			isa = PBXProject;
			attributes = {
				LastSwiftUpdateCheck = 1230;
				LastUpgradeCheck = 1230;
				TargetAttributes = {
					FA96BCB525C05C0400155DBB = {
						CreatedOnToolsVersion = 12.3;
					};
				};
			};
			buildConfigurationList = FA96BCB125C05C0300155DBB /* Build configuration list for PBXProject "Weather App" */;
			compatibilityVersion = "Xcode 9.3";
			developmentRegion = en;
			hasScannedForEncodings = 0;
			knownRegions = (
				en,
				Base,
			);
			mainGroup = FA96BCAD25C05C0300155DBB;
			productRefGroup = FA96BCB725C05C0400155DBB /* Products */;
			projectDirPath = "";
			projectRoot = "";
			targets = (
				FA96BCB525C05C0400155DBB /* Weather App */,
			);
		};
/* End PBXProject section */

/* Begin PBXResourcesBuildPhase section */
		FA96BCB425C05C0400155DBB /* Resources */ = {
			isa = PBXResourcesBuildPhase;
			buildActionMask = 2147483647;
			files = (
				FA96BCC925C05C0600155DBB /* LaunchScreen.storyboard in Resources */,
				FA96BCC625C05C0600155DBB /* Assets.xcassets in Resources */,
				FA96BCC125C05C0400155DBB /* Main.storyboard in Resources */,
			);
			runOnlyForDeploymentPostprocessing = 0;
		};
/* End PBXResourcesBuildPhase section */

/* Begin PBXSourcesBuildPhase section */
		FA96BCB225C05C0400155DBB /* Sources */ = {
			isa = PBXSourcesBuildPhase;
			buildActionMask = 2147483647;
			files = (
				FA96BCC425C05C0400155DBB /* Weather_App.xcdatamodeld in Sources */,
				FA27A84825C1A82700A9C687 /* Next5DaysForecastViewController.swift in Sources */,
				FA27A84325C1A79100A9C687 /* CurrentDayForecastViewController.swift in Sources */,
				FA27A84F25C1C41500A9C687 /* NavigationBarController.swift in Sources */,
				FA96BCBA25C05C0400155DBB /* AppDelegate.swift in Sources */,
				FA96BCBC25C05C0400155DBB /* SceneDelegate.swift in Sources */,
				FA27A84B25C1B6A200A9C687 /* TabBarController.swift in Sources */,
			);
			runOnlyForDeploymentPostprocessing = 0;
		};
/* End PBXSourcesBuildPhase section */

/* Begin PBXVariantGroup section */
		FA96BCBF25C05C0400155DBB /* Main.storyboard */ = {
			isa = PBXVariantGroup;
			children = (
				FA96BCC025C05C0400155DBB /* Base */,
			);
			name = Main.storyboard;
			sourceTree = "<group>";
		};
		FA96BCC725C05C0600155DBB /* LaunchScreen.storyboard */ = {
			isa = PBXVariantGroup;
			children = (
				FA96BCC825C05C0600155DBB /* Base */,
			);
			name = LaunchScreen.storyboard;
			sourceTree = "<group>";
		};
/* End PBXVariantGroup section */

/* Begin XCBuildConfiguration section */
		FA96BCCB25C05C0600155DBB /* Debug */ = {
			isa = XCBuildConfiguration;
			buildSettings = {
				ALWAYS_SEARCH_USER_PATHS = NO;
				CLANG_ANALYZER_NONNULL = YES;
				CLANG_ANALYZER_NUMBER_OBJECT_CONVERSION = YES_AGGRESSIVE;
				CLANG_CXX_LANGUAGE_STANDARD = "gnu++14";
				CLANG_CXX_LIBRARY = "libc++";
				CLANG_ENABLE_MODULES = YES;
				CLANG_ENABLE_OBJC_ARC = YES;
				CLANG_ENABLE_OBJC_WEAK = YES;
				CLANG_WARN_BLOCK_CAPTURE_AUTORELEASING = YES;
				CLANG_WARN_BOOL_CONVERSION = YES;
				CLANG_WARN_COMMA = YES;
				CLANG_WARN_CONSTANT_CONVERSION = YES;
				CLANG_WARN_DEPRECATED_OBJC_IMPLEMENTATIONS = YES;
				CLANG_WARN_DIRECT_OBJC_ISA_USAGE = YES_ERROR;
				CLANG_WARN_DOCUMENTATION_COMMENTS = YES;
				CLANG_WARN_EMPTY_BODY = YES;
				CLANG_WARN_ENUM_CONVERSION = YES;
				CLANG_WARN_INFINITE_RECURSION = YES;
				CLANG_WARN_INT_CONVERSION = YES;
				CLANG_WARN_NON_LITERAL_NULL_CONVERSION = YES;
				CLANG_WARN_OBJC_IMPLICIT_RETAIN_SELF = YES;
				CLANG_WARN_OBJC_LITERAL_CONVERSION = YES;
				CLANG_WARN_OBJC_ROOT_CLASS = YES_ERROR;
				CLANG_WARN_QUOTED_INCLUDE_IN_FRAMEWORK_HEADER = YES;
				CLANG_WARN_RANGE_LOOP_ANALYSIS = YES;
				CLANG_WARN_STRICT_PROTOTYPES = YES;
				CLANG_WARN_SUSPICIOUS_MOVE = YES;
				CLANG_WARN_UNGUARDED_AVAILABILITY = YES_AGGRESSIVE;
				CLANG_WARN_UNREACHABLE_CODE = YES;
				CLANG_WARN__DUPLICATE_METHOD_MATCH = YES;
				COPY_PHASE_STRIP = NO;
				DEBUG_INFORMATION_FORMAT = dwarf;
				ENABLE_STRICT_OBJC_MSGSEND = YES;
				ENABLE_TESTABILITY = YES;
				GCC_C_LANGUAGE_STANDARD = gnu11;
				GCC_DYNAMIC_NO_PIC = NO;
				GCC_NO_COMMON_BLOCKS = YES;
				GCC_OPTIMIZATION_LEVEL = 0;
				GCC_PREPROCESSOR_DEFINITIONS = (
					"DEBUG=1",
					"$(inherited)",
				);
				GCC_WARN_64_TO_32_BIT_CONVERSION = YES;
				GCC_WARN_ABOUT_RETURN_TYPE = YES_ERROR;
				GCC_WARN_UNDECLARED_SELECTOR = YES;
				GCC_WARN_UNINITIALIZED_AUTOS = YES_AGGRESSIVE;
				GCC_WARN_UNUSED_FUNCTION = YES;
				GCC_WARN_UNUSED_VARIABLE = YES;
				IPHONEOS_DEPLOYMENT_TARGET = 14.3;
				MTL_ENABLE_DEBUG_INFO = INCLUDE_SOURCE;
				MTL_FAST_MATH = YES;
				ONLY_ACTIVE_ARCH = YES;
				SDKROOT = iphoneos;
				SWIFT_ACTIVE_COMPILATION_CONDITIONS = DEBUG;
				SWIFT_OPTIMIZATION_LEVEL = "-Onone";
			};
			name = Debug;
		};
		FA96BCCC25C05C0600155DBB /* Release */ = {
			isa = XCBuildConfiguration;
			buildSettings = {
				ALWAYS_SEARCH_USER_PATHS = NO;
				CLANG_ANALYZER_NONNULL = YES;
				CLANG_ANALYZER_NUMBER_OBJECT_CONVERSION = YES_AGGRESSIVE;
				CLANG_CXX_LANGUAGE_STANDARD = "gnu++14";
				CLANG_CXX_LIBRARY = "libc++";
				CLANG_ENABLE_MODULES = YES;
				CLANG_ENABLE_OBJC_ARC = YES;
				CLANG_ENABLE_OBJC_WEAK = YES;
				CLANG_WARN_BLOCK_CAPTURE_AUTORELEASING = YES;
				CLANG_WARN_BOOL_CONVERSION = YES;
				CLANG_WARN_COMMA = YES;
				CLANG_WARN_CONSTANT_CONVERSION = YES;
				CLANG_WARN_DEPRECATED_OBJC_IMPLEMENTATIONS = YES;
				CLANG_WARN_DIRECT_OBJC_ISA_USAGE = YES_ERROR;
				CLANG_WARN_DOCUMENTATION_COMMENTS = YES;
				CLANG_WARN_EMPTY_BODY = YES;
				CLANG_WARN_ENUM_CONVERSION = YES;
				CLANG_WARN_INFINITE_RECURSION = YES;
				CLANG_WARN_INT_CONVERSION = YES;
				CLANG_WARN_NON_LITERAL_NULL_CONVERSION = YES;
				CLANG_WARN_OBJC_IMPLICIT_RETAIN_SELF = YES;
				CLANG_WARN_OBJC_LITERAL_CONVERSION = YES;
				CLANG_WARN_OBJC_ROOT_CLASS = YES_ERROR;
				CLANG_WARN_QUOTED_INCLUDE_IN_FRAMEWORK_HEADER = YES;
				CLANG_WARN_RANGE_LOOP_ANALYSIS = YES;
				CLANG_WARN_STRICT_PROTOTYPES = YES;
				CLANG_WARN_SUSPICIOUS_MOVE = YES;
				CLANG_WARN_UNGUARDED_AVAILABILITY = YES_AGGRESSIVE;
				CLANG_WARN_UNREACHABLE_CODE = YES;
				CLANG_WARN__DUPLICATE_METHOD_MATCH = YES;
				COPY_PHASE_STRIP = NO;
				DEBUG_INFORMATION_FORMAT = "dwarf-with-dsym";
				ENABLE_NS_ASSERTIONS = NO;
				ENABLE_STRICT_OBJC_MSGSEND = YES;
				GCC_C_LANGUAGE_STANDARD = gnu11;
				GCC_NO_COMMON_BLOCKS = YES;
				GCC_WARN_64_TO_32_BIT_CONVERSION = YES;
				GCC_WARN_ABOUT_RETURN_TYPE = YES_ERROR;
				GCC_WARN_UNDECLARED_SELECTOR = YES;
				GCC_WARN_UNINITIALIZED_AUTOS = YES_AGGRESSIVE;
				GCC_WARN_UNUSED_FUNCTION = YES;
				GCC_WARN_UNUSED_VARIABLE = YES;
				IPHONEOS_DEPLOYMENT_TARGET = 14.3;
				MTL_ENABLE_DEBUG_INFO = NO;
				MTL_FAST_MATH = YES;
				SDKROOT = iphoneos;
				SWIFT_COMPILATION_MODE = wholemodule;
				SWIFT_OPTIMIZATION_LEVEL = "-O";
				VALIDATE_PRODUCT = YES;
			};
			name = Release;
		};
		FA96BCCE25C05C0600155DBB /* Debug */ = {
			isa = XCBuildConfiguration;
			buildSettings = {
				ASSETCATALOG_COMPILER_APPICON_NAME = AppIcon;
				ASSETCATALOG_COMPILER_GLOBAL_ACCENT_COLOR_NAME = AccentColor;
				CODE_SIGN_STYLE = Automatic;
				INFOPLIST_FILE = "Weather App/Info.plist";
				LD_RUNPATH_SEARCH_PATHS = (
					"$(inherited)",
					"@executable_path/Frameworks",
				);
				PRODUCT_BUNDLE_IDENTIFIER = "freeuni.Weather-App";
				PRODUCT_NAME = "$(TARGET_NAME)";
				SWIFT_VERSION = 5.0;
				TARGETED_DEVICE_FAMILY = "1,2";
			};
			name = Debug;
		};
		FA96BCCF25C05C0600155DBB /* Release */ = {
			isa = XCBuildConfiguration;
			buildSettings = {
				ASSETCATALOG_COMPILER_APPICON_NAME = AppIcon;
				ASSETCATALOG_COMPILER_GLOBAL_ACCENT_COLOR_NAME = AccentColor;
				CODE_SIGN_STYLE = Automatic;
				INFOPLIST_FILE = "Weather App/Info.plist";
				LD_RUNPATH_SEARCH_PATHS = (
					"$(inherited)",
					"@executable_path/Frameworks",
				);
				PRODUCT_BUNDLE_IDENTIFIER = "freeuni.Weather-App";
				PRODUCT_NAME = "$(TARGET_NAME)";
				SWIFT_VERSION = 5.0;
				TARGETED_DEVICE_FAMILY = "1,2";
			};
			name = Release;
		};
/* End XCBuildConfiguration section */

/* Begin XCConfigurationList section */
		FA96BCB125C05C0300155DBB /* Build configuration list for PBXProject "Weather App" */ = {
			isa = XCConfigurationList;
			buildConfigurations = (
				FA96BCCB25C05C0600155DBB /* Debug */,
				FA96BCCC25C05C0600155DBB /* Release */,
			);
			defaultConfigurationIsVisible = 0;
			defaultConfigurationName = Release;
		};
		FA96BCCD25C05C0600155DBB /* Build configuration list for PBXNativeTarget "Weather App" */ = {
			isa = XCConfigurationList;
			buildConfigurations = (
				FA96BCCE25C05C0600155DBB /* Debug */,
				FA96BCCF25C05C0600155DBB /* Release */,
			);
			defaultConfigurationIsVisible = 0;
			defaultConfigurationName = Release;
		};
/* End XCConfigurationList section */

/* Begin XCVersionGroup section */
		FA96BCC225C05C0400155DBB /* Weather_App.xcdatamodeld */ = {
			isa = XCVersionGroup;
			children = (
				FA96BCC325C05C0400155DBB /* Weather_App.xcdatamodel */,
			);
			currentVersion = FA96BCC325C05C0400155DBB /* Weather_App.xcdatamodel */;
			path = Weather_App.xcdatamodeld;
			sourceTree = "<group>";
			versionGroupType = wrapper.xcdatamodel;
		};
/* End XCVersionGroup section */
	};
	rootObject = FA96BCAE25C05C0300155DBB /* Project object */;
}
