// !$*UTF8*$!
{
	archiveVersion = 1;
	classes = {
	};
	objectVersion = 51;
	objects = {

/* Begin PBXBuildFile section */
		C951FF99F18816C9E7516C6E /* Pods_Weather_App.framework in Frameworks */ = {isa = PBXBuildFile; fileRef = 5BF84B772644225BB41708A2 /* Pods_Weather_App.framework */; };
		FA27A84325C1A79100A9C687 /* CurrentWeatherViewController.swift in Sources */ = {isa = PBXBuildFile; fileRef = FA27A84225C1A79100A9C687 /* CurrentWeatherViewController.swift */; };
		FA27A84825C1A82700A9C687 /* ForecastViewController.swift in Sources */ = {isa = PBXBuildFile; fileRef = FA27A84725C1A82700A9C687 /* ForecastViewController.swift */; };
		FA27A84B25C1B6A200A9C687 /* TabBarController.swift in Sources */ = {isa = PBXBuildFile; fileRef = FA27A84A25C1B6A200A9C687 /* TabBarController.swift */; };
		FA27A84F25C1C41500A9C687 /* NavigationBarController.swift in Sources */ = {isa = PBXBuildFile; fileRef = FA27A84E25C1C41500A9C687 /* NavigationBarController.swift */; };
		FA481D7825C21A860051DB02 /* Gradient.swift in Sources */ = {isa = PBXBuildFile; fileRef = FA481D7725C21A860051DB02 /* Gradient.swift */; };
		FA481D7E25C325160051DB02 /* ForecastTableViewCell.swift in Sources */ = {isa = PBXBuildFile; fileRef = FA481D7C25C325160051DB02 /* ForecastTableViewCell.swift */; };
		FA481D7F25C325160051DB02 /* ForecastTableViewCell.xib in Resources */ = {isa = PBXBuildFile; fileRef = FA481D7D25C325160051DB02 /* ForecastTableViewCell.xib */; };
		FA481D8D25C4803E0051DB02 /* Forecast.swift in Sources */ = {isa = PBXBuildFile; fileRef = FA481D8C25C4803E0051DB02 /* Forecast.swift */; };
		FA5F10EF25C77B0600DF3B94 /* CurrentWeather.swift in Sources */ = {isa = PBXBuildFile; fileRef = FA5F10EE25C77B0600DF3B94 /* CurrentWeather.swift */; };
		FA5F10F225C77F0E00DF3B94 /* Service.swift in Sources */ = {isa = PBXBuildFile; fileRef = FA5F10F125C77F0E00DF3B94 /* Service.swift */; };
		FA96BCBA25C05C0400155DBB /* AppDelegate.swift in Sources */ = {isa = PBXBuildFile; fileRef = FA96BCB925C05C0400155DBB /* AppDelegate.swift */; };
		FA96BCBC25C05C0400155DBB /* SceneDelegate.swift in Sources */ = {isa = PBXBuildFile; fileRef = FA96BCBB25C05C0400155DBB /* SceneDelegate.swift */; };
		FA96BCC125C05C0400155DBB /* Main.storyboard in Resources */ = {isa = PBXBuildFile; fileRef = FA96BCBF25C05C0400155DBB /* Main.storyboard */; };
		FA96BCC625C05C0600155DBB /* Assets.xcassets in Resources */ = {isa = PBXBuildFile; fileRef = FA96BCC525C05C0600155DBB /* Assets.xcassets */; };
		FA96BCC925C05C0600155DBB /* LaunchScreen.storyboard in Resources */ = {isa = PBXBuildFile; fileRef = FA96BCC725C05C0600155DBB /* LaunchScreen.storyboard */; };
		FADE328B25CDB64700C85419 /* ForecastTableViewHeader.swift in Sources */ = {isa = PBXBuildFile; fileRef = FADE328A25CDB64700C85419 /* ForecastTableViewHeader.swift */; };
		FADE328F25CDB68F00C85419 /* ForecastTableViewHeader.xib in Resources */ = {isa = PBXBuildFile; fileRef = FADE328E25CDB68F00C85419 /* ForecastTableViewHeader.xib */; };
		FADE329625CDCF2200C85419 /* FormattedDay.swift in Sources */ = {isa = PBXBuildFile; fileRef = FADE329525CDCF2200C85419 /* FormattedDay.swift */; };
		FADE32A025CEFA6E00C85419 /* ErrorView.swift in Sources */ = {isa = PBXBuildFile; fileRef = FADE329F25CEFA6E00C85419 /* ErrorView.swift */; };
		FADE32A425CEFB1400C85419 /* ErrorView.xib in Resources */ = {isa = PBXBuildFile; fileRef = FADE32A325CEFB1400C85419 /* ErrorView.xib */; };
		FADE32A725CF1B4500C85419 /* Glow.swift in Sources */ = {isa = PBXBuildFile; fileRef = FADE32A625CF1B4400C85419 /* Glow.swift */; };
		FADE32AA25D0495500C85419 /* ActiveCity.swift in Sources */ = {isa = PBXBuildFile; fileRef = FADE32A925D0495500C85419 /* ActiveCity.swift */; };
		FADE32D025D1ABEE00C85419 /* CurrentWeatherCell.swift in Sources */ = {isa = PBXBuildFile; fileRef = FADE32CE25D1ABEE00C85419 /* CurrentWeatherCell.swift */; };
		FADE32D125D1ABEE00C85419 /* CurrentWeatherCell.xib in Resources */ = {isa = PBXBuildFile; fileRef = FADE32CF25D1ABEE00C85419 /* CurrentWeatherCell.xib */; };
/* End PBXBuildFile section */

/* Begin PBXFileReference section */
		5BF84B772644225BB41708A2 /* Pods_Weather_App.framework */ = {isa = PBXFileReference; explicitFileType = wrapper.framework; includeInIndex = 0; path = Pods_Weather_App.framework; sourceTree = BUILT_PRODUCTS_DIR; };
		F9084D4BA477DC0B51B146CD /* Pods-Weather App.release.xcconfig */ = {isa = PBXFileReference; includeInIndex = 1; lastKnownFileType = text.xcconfig; name = "Pods-Weather App.release.xcconfig"; path = "Target Support Files/Pods-Weather App/Pods-Weather App.release.xcconfig"; sourceTree = "<group>"; };
		FA27A84225C1A79100A9C687 /* CurrentWeatherViewController.swift */ = {isa = PBXFileReference; lastKnownFileType = sourcecode.swift; path = CurrentWeatherViewController.swift; sourceTree = "<group>"; };
		FA27A84725C1A82700A9C687 /* ForecastViewController.swift */ = {isa = PBXFileReference; lastKnownFileType = sourcecode.swift; path = ForecastViewController.swift; sourceTree = "<group>"; };
		FA27A84A25C1B6A200A9C687 /* TabBarController.swift */ = {isa = PBXFileReference; lastKnownFileType = sourcecode.swift; path = TabBarController.swift; sourceTree = "<group>"; };
		FA27A84E25C1C41500A9C687 /* NavigationBarController.swift */ = {isa = PBXFileReference; lastKnownFileType = sourcecode.swift; path = NavigationBarController.swift; sourceTree = "<group>"; };
		FA481D7725C21A860051DB02 /* Gradient.swift */ = {isa = PBXFileReference; lastKnownFileType = sourcecode.swift; path = Gradient.swift; sourceTree = "<group>"; };
		FA481D7C25C325160051DB02 /* ForecastTableViewCell.swift */ = {isa = PBXFileReference; lastKnownFileType = sourcecode.swift; path = ForecastTableViewCell.swift; sourceTree = "<group>"; };
		FA481D7D25C325160051DB02 /* ForecastTableViewCell.xib */ = {isa = PBXFileReference; lastKnownFileType = file.xib; path = ForecastTableViewCell.xib; sourceTree = "<group>"; };
		FA481D8C25C4803E0051DB02 /* Forecast.swift */ = {isa = PBXFileReference; lastKnownFileType = sourcecode.swift; path = Forecast.swift; sourceTree = "<group>"; };
		FA5F10EE25C77B0600DF3B94 /* CurrentWeather.swift */ = {isa = PBXFileReference; lastKnownFileType = sourcecode.swift; path = CurrentWeather.swift; sourceTree = "<group>"; };
		FA5F10F125C77F0E00DF3B94 /* Service.swift */ = {isa = PBXFileReference; lastKnownFileType = sourcecode.swift; path = Service.swift; sourceTree = "<group>"; };
		FA96BCB625C05C0400155DBB /* Weather App.app */ = {isa = PBXFileReference; explicitFileType = wrapper.application; includeInIndex = 0; path = "Weather App.app"; sourceTree = BUILT_PRODUCTS_DIR; };
		FA96BCB925C05C0400155DBB /* AppDelegate.swift */ = {isa = PBXFileReference; lastKnownFileType = sourcecode.swift; path = AppDelegate.swift; sourceTree = "<group>"; };
		FA96BCBB25C05C0400155DBB /* SceneDelegate.swift */ = {isa = PBXFileReference; lastKnownFileType = sourcecode.swift; path = SceneDelegate.swift; sourceTree = "<group>"; };
		FA96BCC025C05C0400155DBB /* Base */ = {isa = PBXFileReference; lastKnownFileType = file.storyboard; name = Base; path = Base.lproj/Main.storyboard; sourceTree = "<group>"; };
		FA96BCC525C05C0600155DBB /* Assets.xcassets */ = {isa = PBXFileReference; lastKnownFileType = folder.assetcatalog; path = Assets.xcassets; sourceTree = "<group>"; };
		FA96BCC825C05C0600155DBB /* Base */ = {isa = PBXFileReference; lastKnownFileType = file.storyboard; name = Base; path = Base.lproj/LaunchScreen.storyboard; sourceTree = "<group>"; };
		FA96BCCA25C05C0600155DBB /* Info.plist */ = {isa = PBXFileReference; lastKnownFileType = text.plist.xml; path = Info.plist; sourceTree = "<group>"; };
		FADE328A25CDB64700C85419 /* ForecastTableViewHeader.swift */ = {isa = PBXFileReference; lastKnownFileType = sourcecode.swift; path = ForecastTableViewHeader.swift; sourceTree = "<group>"; };
		FADE328E25CDB68F00C85419 /* ForecastTableViewHeader.xib */ = {isa = PBXFileReference; lastKnownFileType = file.xib; path = ForecastTableViewHeader.xib; sourceTree = "<group>"; };
		FADE329525CDCF2200C85419 /* FormattedDay.swift */ = {isa = PBXFileReference; lastKnownFileType = sourcecode.swift; path = FormattedDay.swift; sourceTree = "<group>"; };
		FADE329F25CEFA6E00C85419 /* ErrorView.swift */ = {isa = PBXFileReference; lastKnownFileType = sourcecode.swift; path = ErrorView.swift; sourceTree = "<group>"; };
		FADE32A325CEFB1400C85419 /* ErrorView.xib */ = {isa = PBXFileReference; lastKnownFileType = file.xib; path = ErrorView.xib; sourceTree = "<group>"; };
		FADE32A625CF1B4400C85419 /* Glow.swift */ = {isa = PBXFileReference; lastKnownFileType = sourcecode.swift; path = Glow.swift; sourceTree = "<group>"; };
		FADE32A925D0495500C85419 /* ActiveCity.swift */ = {isa = PBXFileReference; lastKnownFileType = sourcecode.swift; path = ActiveCity.swift; sourceTree = "<group>"; };
		FADE32CE25D1ABEE00C85419 /* CurrentWeatherCell.swift */ = {isa = PBXFileReference; lastKnownFileType = sourcecode.swift; path = CurrentWeatherCell.swift; sourceTree = "<group>"; };
		FADE32CF25D1ABEE00C85419 /* CurrentWeatherCell.xib */ = {isa = PBXFileReference; lastKnownFileType = file.xib; path = CurrentWeatherCell.xib; sourceTree = "<group>"; };
		FD90125F82240E4F7BC5AAA5 /* Pods-Weather App.debug.xcconfig */ = {isa = PBXFileReference; includeInIndex = 1; lastKnownFileType = text.xcconfig; name = "Pods-Weather App.debug.xcconfig"; path = "Target Support Files/Pods-Weather App/Pods-Weather App.debug.xcconfig"; sourceTree = "<group>"; };
/* End PBXFileReference section */

/* Begin PBXFrameworksBuildPhase section */
		FA96BCB325C05C0400155DBB /* Frameworks */ = {
			isa = PBXFrameworksBuildPhase;
			buildActionMask = 2147483647;
			files = (
				C951FF99F18816C9E7516C6E /* Pods_Weather_App.framework in Frameworks */,
			);
			runOnlyForDeploymentPostprocessing = 0;
		};
/* End PBXFrameworksBuildPhase section */

/* Begin PBXGroup section */
		3051EE3C3FBA402429C36631 /* Pods */ = {
			isa = PBXGroup;
			children = (
				FD90125F82240E4F7BC5AAA5 /* Pods-Weather App.debug.xcconfig */,
				F9084D4BA477DC0B51B146CD /* Pods-Weather App.release.xcconfig */,
			);
			path = Pods;
			sourceTree = "<group>";
		};
		8655AE5D7F7816CDBA9D9047 /* Frameworks */ = {
			isa = PBXGroup;
			children = (
				5BF84B772644225BB41708A2 /* Pods_Weather_App.framework */,
			);
			name = Frameworks;
			sourceTree = "<group>";
		};
		FA27A84125C1A67400A9C687 /* View Controllers */ = {
			isa = PBXGroup;
			children = (
				FA27A84225C1A79100A9C687 /* CurrentWeatherViewController.swift */,
				FA27A84725C1A82700A9C687 /* ForecastViewController.swift */,
			);
			path = "View Controllers";
			sourceTree = "<group>";
		};
		FA27A85625C200AF00A9C687 /* Custom Classes */ = {
			isa = PBXGroup;
			children = (
				FADE32CC25D1ABC100C85419 /* CollectionView */,
				FA481D7A25C321910051DB02 /* Table View */,
				FADE329D25CEFA2000C85419 /* Reusable Views */,
				FA481D8125C474060051DB02 /* Service */,
				FA481D7625C21A090051DB02 /* Auxiliary */,
				FA27A85825C2012D00A9C687 /* Navigation Bar */,
				FA27A85725C2011300A9C687 /* Tab Bar */,
				FA27A84125C1A67400A9C687 /* View Controllers */,
			);
			path = "Custom Classes";
			sourceTree = "<group>";
		};
		FA27A85725C2011300A9C687 /* Tab Bar */ = {
			isa = PBXGroup;
			children = (
				FA27A84A25C1B6A200A9C687 /* TabBarController.swift */,
			);
			path = "Tab Bar";
			sourceTree = "<group>";
		};
		FA27A85825C2012D00A9C687 /* Navigation Bar */ = {
			isa = PBXGroup;
			children = (
				FA27A84E25C1C41500A9C687 /* NavigationBarController.swift */,
			);
			path = "Navigation Bar";
			sourceTree = "<group>";
		};
		FA481D7625C21A090051DB02 /* Auxiliary */ = {
			isa = PBXGroup;
			children = (
				FA481D7725C21A860051DB02 /* Gradient.swift */,
				FADE329525CDCF2200C85419 /* FormattedDay.swift */,
				FADE32A625CF1B4400C85419 /* Glow.swift */,
				FADE32A925D0495500C85419 /* ActiveCity.swift */,
			);
			path = Auxiliary;
			sourceTree = "<group>";
		};
		FA481D7A25C321910051DB02 /* Table View */ = {
			isa = PBXGroup;
			children = (
				FADE328925CDAF0F00C85419 /* Header */,
				FA481D7B25C321B40051DB02 /* Cell */,
			);
			path = "Table View";
			sourceTree = "<group>";
		};
		FA481D7B25C321B40051DB02 /* Cell */ = {
			isa = PBXGroup;
			children = (
				FA481D7C25C325160051DB02 /* ForecastTableViewCell.swift */,
				FA481D7D25C325160051DB02 /* ForecastTableViewCell.xib */,
			);
			path = Cell;
			sourceTree = "<group>";
		};
		FA481D8125C474060051DB02 /* Service */ = {
			isa = PBXGroup;
			children = (
				FA481D8225C474180051DB02 /* Entities */,
				FA5F10F125C77F0E00DF3B94 /* Service.swift */,
			);
			path = Service;
			sourceTree = "<group>";
		};
		FA481D8225C474180051DB02 /* Entities */ = {
			isa = PBXGroup;
			children = (
				FA481D8C25C4803E0051DB02 /* Forecast.swift */,
				FA5F10EE25C77B0600DF3B94 /* CurrentWeather.swift */,
			);
			path = Entities;
			sourceTree = "<group>";
		};
		FA96BCAD25C05C0300155DBB = {
			isa = PBXGroup;
			children = (
				FA96BCB825C05C0400155DBB /* Weather App */,
				FA96BCB725C05C0400155DBB /* Products */,
				3051EE3C3FBA402429C36631 /* Pods */,
				8655AE5D7F7816CDBA9D9047 /* Frameworks */,
			);
			sourceTree = "<group>";
		};
		FA96BCB725C05C0400155DBB /* Products */ = {
			isa = PBXGroup;
			children = (
				FA96BCB625C05C0400155DBB /* Weather App.app */,
			);
			name = Products;
			sourceTree = "<group>";
		};
		FA96BCB825C05C0400155DBB /* Weather App */ = {
			isa = PBXGroup;
			children = (
				FA27A85625C200AF00A9C687 /* Custom Classes */,
				FA96BCB925C05C0400155DBB /* AppDelegate.swift */,
				FA96BCBB25C05C0400155DBB /* SceneDelegate.swift */,
				FA96BCBF25C05C0400155DBB /* Main.storyboard */,
				FA96BCC525C05C0600155DBB /* Assets.xcassets */,
				FA96BCC725C05C0600155DBB /* LaunchScreen.storyboard */,
				FA96BCCA25C05C0600155DBB /* Info.plist */,
			);
			path = "Weather App";
			sourceTree = "<group>";
		};
		FADE328925CDAF0F00C85419 /* Header */ = {
			isa = PBXGroup;
			children = (
				FADE328A25CDB64700C85419 /* ForecastTableViewHeader.swift */,
				FADE328E25CDB68F00C85419 /* ForecastTableViewHeader.xib */,
			);
			path = Header;
			sourceTree = "<group>";
		};
		FADE329D25CEFA2000C85419 /* Reusable Views */ = {
			isa = PBXGroup;
			children = (
				FADE329E25CEFA2900C85419 /* Error View */,
			);
			path = "Reusable Views";
			sourceTree = "<group>";
		};
		FADE329E25CEFA2900C85419 /* Error View */ = {
			isa = PBXGroup;
			children = (
				FADE329F25CEFA6E00C85419 /* ErrorView.swift */,
				FADE32A325CEFB1400C85419 /* ErrorView.xib */,
			);
			path = "Error View";
			sourceTree = "<group>";
		};
		FADE32CC25D1ABC100C85419 /* CollectionView */ = {
			isa = PBXGroup;
			children = (
				FADE32CD25D1ABCD00C85419 /* Cell */,
			);
			path = CollectionView;
			sourceTree = "<group>";
		};
		FADE32CD25D1ABCD00C85419 /* Cell */ = {
			isa = PBXGroup;
			children = (
				FADE32CE25D1ABEE00C85419 /* CurrentWeatherCell.swift */,
				FADE32CF25D1ABEE00C85419 /* CurrentWeatherCell.xib */,
			);
			path = Cell;
			sourceTree = "<group>";
		};
/* End PBXGroup section */

/* Begin PBXNativeTarget section */
		FA96BCB525C05C0400155DBB /* Weather App */ = {
			isa = PBXNativeTarget;
			buildConfigurationList = FA96BCCD25C05C0600155DBB /* Build configuration list for PBXNativeTarget "Weather App" */;
			buildPhases = (
				25CB8DC8FD0D8C0CE7234DAE /* [CP] Check Pods Manifest.lock */,
				FA96BCB225C05C0400155DBB /* Sources */,
				FA96BCB325C05C0400155DBB /* Frameworks */,
				FA96BCB425C05C0400155DBB /* Resources */,
				8D6CEF95FB117DFB3F908C7B /* [CP] Embed Pods Frameworks */,
			);
			buildRules = (
			);
			dependencies = (
			);
			name = "Weather App";
			productName = "Weather App";
			productReference = FA96BCB625C05C0400155DBB /* Weather App.app */;
			productType = "com.apple.product-type.application";
		};
/* End PBXNativeTarget section */

/* Begin PBXProject section */
		FA96BCAE25C05C0300155DBB /* Project object */ = {
			isa = PBXProject;
			attributes = {
				LastSwiftUpdateCheck = 1230;
				LastUpgradeCheck = 1230;
				TargetAttributes = {
					FA96BCB525C05C0400155DBB = {
						CreatedOnToolsVersion = 12.3;
					};
				};
			};
			buildConfigurationList = FA96BCB125C05C0300155DBB /* Build configuration list for PBXProject "Weather App" */;
			compatibilityVersion = "Xcode 9.3";
			developmentRegion = en;
			hasScannedForEncodings = 0;
			knownRegions = (
				en,
				Base,
			);
			mainGroup = FA96BCAD25C05C0300155DBB;
			productRefGroup = FA96BCB725C05C0400155DBB /* Products */;
			projectDirPath = "";
			projectRoot = "";
			targets = (
				FA96BCB525C05C0400155DBB /* Weather App */,
			);
		};
/* End PBXProject section */

/* Begin PBXResourcesBuildPhase section */
		FA96BCB425C05C0400155DBB /* Resources */ = {
			isa = PBXResourcesBuildPhase;
			buildActionMask = 2147483647;
			files = (
				FA481D7F25C325160051DB02 /* ForecastTableViewCell.xib in Resources */,
				FADE328F25CDB68F00C85419 /* ForecastTableViewHeader.xib in Resources */,
				FA96BCC925C05C0600155DBB /* LaunchScreen.storyboard in Resources */,
				FADE32A425CEFB1400C85419 /* ErrorView.xib in Resources */,
				FA96BCC625C05C0600155DBB /* Assets.xcassets in Resources */,
				FADE32D125D1ABEE00C85419 /* CurrentWeatherCell.xib in Resources */,
				FA96BCC125C05C0400155DBB /* Main.storyboard in Resources */,
			);
			runOnlyForDeploymentPostprocessing = 0;
		};
/* End PBXResourcesBuildPhase section */

/* Begin PBXShellScriptBuildPhase section */
		25CB8DC8FD0D8C0CE7234DAE /* [CP] Check Pods Manifest.lock */ = {
			isa = PBXShellScriptBuildPhase;
			buildActionMask = 2147483647;
			files = (
			);
			inputFileListPaths = (
			);
			inputPaths = (
				"${PODS_PODFILE_DIR_PATH}/Podfile.lock",
				"${PODS_ROOT}/Manifest.lock",
			);
			name = "[CP] Check Pods Manifest.lock";
			outputFileListPaths = (
			);
			outputPaths = (
				"$(DERIVED_FILE_DIR)/Pods-Weather App-checkManifestLockResult.txt",
			);
			runOnlyForDeploymentPostprocessing = 0;
			shellPath = /bin/sh;
			shellScript = "diff \"${PODS_PODFILE_DIR_PATH}/Podfile.lock\" \"${PODS_ROOT}/Manifest.lock\" > /dev/null\nif [ $? != 0 ] ; then\n    # print error to STDERR\n    echo \"error: The sandbox is not in sync with the Podfile.lock. Run 'pod install' or update your CocoaPods installation.\" >&2\n    exit 1\nfi\n# This output is used by Xcode 'outputs' to avoid re-running this script phase.\necho \"SUCCESS\" > \"${SCRIPT_OUTPUT_FILE_0}\"\n";
			showEnvVarsInLog = 0;
		};
		8D6CEF95FB117DFB3F908C7B /* [CP] Embed Pods Frameworks */ = {
			isa = PBXShellScriptBuildPhase;
			buildActionMask = 2147483647;
			files = (
			);
			inputFileListPaths = (
				"${PODS_ROOT}/Target Support Files/Pods-Weather App/Pods-Weather App-frameworks-${CONFIGURATION}-input-files.xcfilelist",
			);
			name = "[CP] Embed Pods Frameworks";
			outputFileListPaths = (
				"${PODS_ROOT}/Target Support Files/Pods-Weather App/Pods-Weather App-frameworks-${CONFIGURATION}-output-files.xcfilelist",
			);
			runOnlyForDeploymentPostprocessing = 0;
			shellPath = /bin/sh;
			shellScript = "\"${PODS_ROOT}/Target Support Files/Pods-Weather App/Pods-Weather App-frameworks.sh\"\n";
			showEnvVarsInLog = 0;
		};
/* End PBXShellScriptBuildPhase section */

/* Begin PBXSourcesBuildPhase section */
		FA96BCB225C05C0400155DBB /* Sources */ = {
			isa = PBXSourcesBuildPhase;
			buildActionMask = 2147483647;
			files = (
				FA27A84825C1A82700A9C687 /* ForecastViewController.swift in Sources */,
				FADE32A725CF1B4500C85419 /* Glow.swift in Sources */,
				FA27A84325C1A79100A9C687 /* CurrentWeatherViewController.swift in Sources */,
				FA5F10EF25C77B0600DF3B94 /* CurrentWeather.swift in Sources */,
				FA481D8D25C4803E0051DB02 /* Forecast.swift in Sources */,
				FADE329625CDCF2200C85419 /* FormattedDay.swift in Sources */,
				FA27A84F25C1C41500A9C687 /* NavigationBarController.swift in Sources */,
				FA96BCBA25C05C0400155DBB /* AppDelegate.swift in Sources */,
				FA96BCBC25C05C0400155DBB /* SceneDelegate.swift in Sources */,
				FA481D7E25C325160051DB02 /* ForecastTableViewCell.swift in Sources */,
				FADE32AA25D0495500C85419 /* ActiveCity.swift in Sources */,
				FADE32D025D1ABEE00C85419 /* CurrentWeatherCell.swift in Sources */,
				FA27A84B25C1B6A200A9C687 /* TabBarController.swift in Sources */,
				FA5F10F225C77F0E00DF3B94 /* Service.swift in Sources */,
				FADE32A025CEFA6E00C85419 /* ErrorView.swift in Sources */,
				FA481D7825C21A860051DB02 /* Gradient.swift in Sources */,
				FADE328B25CDB64700C85419 /* ForecastTableViewHeader.swift in Sources */,
			);
			runOnlyForDeploymentPostprocessing = 0;
		};
/* End PBXSourcesBuildPhase section */

/* Begin PBXVariantGroup section */
		FA96BCBF25C05C0400155DBB /* Main.storyboard */ = {
			isa = PBXVariantGroup;
			children = (
				FA96BCC025C05C0400155DBB /* Base */,
			);
			name = Main.storyboard;
			sourceTree = "<group>";
		};
		FA96BCC725C05C0600155DBB /* LaunchScreen.storyboard */ = {
			isa = PBXVariantGroup;
			children = (
				FA96BCC825C05C0600155DBB /* Base */,
			);
			name = LaunchScreen.storyboard;
			sourceTree = "<group>";
		};
/* End PBXVariantGroup section */

/* Begin XCBuildConfiguration section */
		FA96BCCB25C05C0600155DBB /* Debug */ = {
			isa = XCBuildConfiguration;
			buildSettings = {
				ALWAYS_SEARCH_USER_PATHS = NO;
				CLANG_ANALYZER_NONNULL = YES;
				CLANG_ANALYZER_NUMBER_OBJECT_CONVERSION = YES_AGGRESSIVE;
				CLANG_CXX_LANGUAGE_STANDARD = "gnu++14";
				CLANG_CXX_LIBRARY = "libc++";
				CLANG_ENABLE_MODULES = YES;
				CLANG_ENABLE_OBJC_ARC = YES;
				CLANG_ENABLE_OBJC_WEAK = YES;
				CLANG_WARN_BLOCK_CAPTURE_AUTORELEASING = YES;
				CLANG_WARN_BOOL_CONVERSION = YES;
				CLANG_WARN_COMMA = YES;
				CLANG_WARN_CONSTANT_CONVERSION = YES;
				CLANG_WARN_DEPRECATED_OBJC_IMPLEMENTATIONS = YES;
				CLANG_WARN_DIRECT_OBJC_ISA_USAGE = YES_ERROR;
				CLANG_WARN_DOCUMENTATION_COMMENTS = YES;
				CLANG_WARN_EMPTY_BODY = YES;
				CLANG_WARN_ENUM_CONVERSION = YES;
				CLANG_WARN_INFINITE_RECURSION = YES;
				CLANG_WARN_INT_CONVERSION = YES;
				CLANG_WARN_NON_LITERAL_NULL_CONVERSION = YES;
				CLANG_WARN_OBJC_IMPLICIT_RETAIN_SELF = YES;
				CLANG_WARN_OBJC_LITERAL_CONVERSION = YES;
				CLANG_WARN_OBJC_ROOT_CLASS = YES_ERROR;
				CLANG_WARN_QUOTED_INCLUDE_IN_FRAMEWORK_HEADER = YES;
				CLANG_WARN_RANGE_LOOP_ANALYSIS = YES;
				CLANG_WARN_STRICT_PROTOTYPES = YES;
				CLANG_WARN_SUSPICIOUS_MOVE = YES;
				CLANG_WARN_UNGUARDED_AVAILABILITY = YES_AGGRESSIVE;
				CLANG_WARN_UNREACHABLE_CODE = YES;
				CLANG_WARN__DUPLICATE_METHOD_MATCH = YES;
				COPY_PHASE_STRIP = NO;
				DEBUG_INFORMATION_FORMAT = dwarf;
				ENABLE_STRICT_OBJC_MSGSEND = YES;
				ENABLE_TESTABILITY = YES;
				GCC_C_LANGUAGE_STANDARD = gnu11;
				GCC_DYNAMIC_NO_PIC = NO;
				GCC_NO_COMMON_BLOCKS = YES;
				GCC_OPTIMIZATION_LEVEL = 0;
				GCC_PREPROCESSOR_DEFINITIONS = (
					"DEBUG=1",
					"$(inherited)",
				);
				GCC_WARN_64_TO_32_BIT_CONVERSION = YES;
				GCC_WARN_ABOUT_RETURN_TYPE = YES_ERROR;
				GCC_WARN_UNDECLARED_SELECTOR = YES;
				GCC_WARN_UNINITIALIZED_AUTOS = YES_AGGRESSIVE;
				GCC_WARN_UNUSED_FUNCTION = YES;
				GCC_WARN_UNUSED_VARIABLE = YES;
				IPHONEOS_DEPLOYMENT_TARGET = 14.3;
				MTL_ENABLE_DEBUG_INFO = INCLUDE_SOURCE;
				MTL_FAST_MATH = YES;
				ONLY_ACTIVE_ARCH = YES;
				SDKROOT = iphoneos;
				SWIFT_ACTIVE_COMPILATION_CONDITIONS = DEBUG;
				SWIFT_OPTIMIZATION_LEVEL = "-Onone";
			};
			name = Debug;
		};
		FA96BCCC25C05C0600155DBB /* Release */ = {
			isa = XCBuildConfiguration;
			buildSettings = {
				ALWAYS_SEARCH_USER_PATHS = NO;
				CLANG_ANALYZER_NONNULL = YES;
				CLANG_ANALYZER_NUMBER_OBJECT_CONVERSION = YES_AGGRESSIVE;
				CLANG_CXX_LANGUAGE_STANDARD = "gnu++14";
				CLANG_CXX_LIBRARY = "libc++";
				CLANG_ENABLE_MODULES = YES;
				CLANG_ENABLE_OBJC_ARC = YES;
				CLANG_ENABLE_OBJC_WEAK = YES;
				CLANG_WARN_BLOCK_CAPTURE_AUTORELEASING = YES;
				CLANG_WARN_BOOL_CONVERSION = YES;
				CLANG_WARN_COMMA = YES;
				CLANG_WARN_CONSTANT_CONVERSION = YES;
				CLANG_WARN_DEPRECATED_OBJC_IMPLEMENTATIONS = YES;
				CLANG_WARN_DIRECT_OBJC_ISA_USAGE = YES_ERROR;
				CLANG_WARN_DOCUMENTATION_COMMENTS = YES;
				CLANG_WARN_EMPTY_BODY = YES;
				CLANG_WARN_ENUM_CONVERSION = YES;
				CLANG_WARN_INFINITE_RECURSION = YES;
				CLANG_WARN_INT_CONVERSION = YES;
				CLANG_WARN_NON_LITERAL_NULL_CONVERSION = YES;
				CLANG_WARN_OBJC_IMPLICIT_RETAIN_SELF = YES;
				CLANG_WARN_OBJC_LITERAL_CONVERSION = YES;
				CLANG_WARN_OBJC_ROOT_CLASS = YES_ERROR;
				CLANG_WARN_QUOTED_INCLUDE_IN_FRAMEWORK_HEADER = YES;
				CLANG_WARN_RANGE_LOOP_ANALYSIS = YES;
				CLANG_WARN_STRICT_PROTOTYPES = YES;
				CLANG_WARN_SUSPICIOUS_MOVE = YES;
				CLANG_WARN_UNGUARDED_AVAILABILITY = YES_AGGRESSIVE;
				CLANG_WARN_UNREACHABLE_CODE = YES;
				CLANG_WARN__DUPLICATE_METHOD_MATCH = YES;
				COPY_PHASE_STRIP = NO;
				DEBUG_INFORMATION_FORMAT = "dwarf-with-dsym";
				ENABLE_NS_ASSERTIONS = NO;
				ENABLE_STRICT_OBJC_MSGSEND = YES;
				GCC_C_LANGUAGE_STANDARD = gnu11;
				GCC_NO_COMMON_BLOCKS = YES;
				GCC_WARN_64_TO_32_BIT_CONVERSION = YES;
				GCC_WARN_ABOUT_RETURN_TYPE = YES_ERROR;
				GCC_WARN_UNDECLARED_SELECTOR = YES;
				GCC_WARN_UNINITIALIZED_AUTOS = YES_AGGRESSIVE;
				GCC_WARN_UNUSED_FUNCTION = YES;
				GCC_WARN_UNUSED_VARIABLE = YES;
				IPHONEOS_DEPLOYMENT_TARGET = 14.3;
				MTL_ENABLE_DEBUG_INFO = NO;
				MTL_FAST_MATH = YES;
				SDKROOT = iphoneos;
				SWIFT_COMPILATION_MODE = wholemodule;
				SWIFT_OPTIMIZATION_LEVEL = "-O";
				VALIDATE_PRODUCT = YES;
			};
			name = Release;
		};
		FA96BCCE25C05C0600155DBB /* Debug */ = {
			isa = XCBuildConfiguration;
			baseConfigurationReference = FD90125F82240E4F7BC5AAA5 /* Pods-Weather App.debug.xcconfig */;
			buildSettings = {
				ASSETCATALOG_COMPILER_APPICON_NAME = AppIcon;
				ASSETCATALOG_COMPILER_GLOBAL_ACCENT_COLOR_NAME = AccentColor;
				CODE_SIGN_STYLE = Automatic;
				INFOPLIST_FILE = "Weather App/Info.plist";
				LD_RUNPATH_SEARCH_PATHS = (
					"$(inherited)",
					"@executable_path/Frameworks",
				);
				PRODUCT_BUNDLE_IDENTIFIER = "freeuni.Weather-App";
				PRODUCT_NAME = "$(TARGET_NAME)";
				SWIFT_VERSION = 5.0;
				TARGETED_DEVICE_FAMILY = "1,2";
			};
			name = Debug;
		};
		FA96BCCF25C05C0600155DBB /* Release */ = {
			isa = XCBuildConfiguration;
			baseConfigurationReference = F9084D4BA477DC0B51B146CD /* Pods-Weather App.release.xcconfig */;
			buildSettings = {
				ASSETCATALOG_COMPILER_APPICON_NAME = AppIcon;
				ASSETCATALOG_COMPILER_GLOBAL_ACCENT_COLOR_NAME = AccentColor;
				CODE_SIGN_STYLE = Automatic;
				INFOPLIST_FILE = "Weather App/Info.plist";
				LD_RUNPATH_SEARCH_PATHS = (
					"$(inherited)",
					"@executable_path/Frameworks",
				);
				PRODUCT_BUNDLE_IDENTIFIER = "freeuni.Weather-App";
				PRODUCT_NAME = "$(TARGET_NAME)";
				SWIFT_VERSION = 5.0;
				TARGETED_DEVICE_FAMILY = "1,2";
			};
			name = Release;
		};
/* End XCBuildConfiguration section */

/* Begin XCConfigurationList section */
		FA96BCB125C05C0300155DBB /* Build configuration list for PBXProject "Weather App" */ = {
			isa = XCConfigurationList;
			buildConfigurations = (
				FA96BCCB25C05C0600155DBB /* Debug */,
				FA96BCCC25C05C0600155DBB /* Release */,
			);
			defaultConfigurationIsVisible = 0;
			defaultConfigurationName = Release;
		};
		FA96BCCD25C05C0600155DBB /* Build configuration list for PBXNativeTarget "Weather App" */ = {
			isa = XCConfigurationList;
			buildConfigurations = (
				FA96BCCE25C05C0600155DBB /* Debug */,
				FA96BCCF25C05C0600155DBB /* Release */,
			);
			defaultConfigurationIsVisible = 0;
			defaultConfigurationName = Release;
		};
/* End XCConfigurationList section */
	};
	rootObject = FA96BCAE25C05C0300155DBB /* Project object */;
}
